// !$*UTF8*$!
{
	archiveVersion = 1;
	classes = {
	};
	objectVersion = 48;
	objects = {

/* Begin PBXBuildFile section */
		166F775B201B22DE00E042F0 /* AppDelegate.swift in Sources */ = {isa = PBXBuildFile; fileRef = 166F775A201B22DE00E042F0 /* AppDelegate.swift */; };
		166F775D201B22DE00E042F0 /* ViewController.swift in Sources */ = {isa = PBXBuildFile; fileRef = 166F775C201B22DE00E042F0 /* ViewController.swift */; };
		166F7760201B22DE00E042F0 /* Main.storyboard in Resources */ = {isa = PBXBuildFile; fileRef = 166F775E201B22DE00E042F0 /* Main.storyboard */; };
		166F7762201B22DE00E042F0 /* Assets.xcassets in Resources */ = {isa = PBXBuildFile; fileRef = 166F7761201B22DE00E042F0 /* Assets.xcassets */; };
		166F7765201B22DE00E042F0 /* LaunchScreen.storyboard in Resources */ = {isa = PBXBuildFile; fileRef = 166F7763201B22DE00E042F0 /* LaunchScreen.storyboard */; };
		166F7770201B323400E042F0 /* SWRevealViewController.m in Sources */ = {isa = PBXBuildFile; fileRef = 166F776F201B323400E042F0 /* SWRevealViewController.m */; };
		3029CA0DE21AE2ADF7D87E97 /* Pods_iMs.framework in Frameworks */ = {isa = PBXBuildFile; fileRef = D351952020E9C3959343DAA4 /* Pods_iMs.framework */; };
/* End PBXBuildFile section */

/* Begin PBXFileReference section */
		166F7757201B22DE00E042F0 /* iMs.app */ = {isa = PBXFileReference; explicitFileType = wrapper.application; includeInIndex = 0; path = iMs.app; sourceTree = BUILT_PRODUCTS_DIR; };
		166F775A201B22DE00E042F0 /* AppDelegate.swift */ = {isa = PBXFileReference; lastKnownFileType = sourcecode.swift; path = AppDelegate.swift; sourceTree = "<group>"; };
		166F775C201B22DE00E042F0 /* ViewController.swift */ = {isa = PBXFileReference; lastKnownFileType = sourcecode.swift; path = ViewController.swift; sourceTree = "<group>"; };
		166F775F201B22DE00E042F0 /* Base */ = {isa = PBXFileReference; lastKnownFileType = file.storyboard; name = Base; path = Base.lproj/Main.storyboard; sourceTree = "<group>"; };
		166F7761201B22DE00E042F0 /* Assets.xcassets */ = {isa = PBXFileReference; lastKnownFileType = folder.assetcatalog; path = Assets.xcassets; sourceTree = "<group>"; };
		166F7764201B22DE00E042F0 /* Base */ = {isa = PBXFileReference; lastKnownFileType = file.storyboard; name = Base; path = Base.lproj/LaunchScreen.storyboard; sourceTree = "<group>"; };
		166F7766201B22DE00E042F0 /* Info.plist */ = {isa = PBXFileReference; lastKnownFileType = text.plist.xml; path = Info.plist; sourceTree = "<group>"; };
		166F776D201B323300E042F0 /* iMs-Bridging-Header.h */ = {isa = PBXFileReference; lastKnownFileType = sourcecode.c.h; path = "iMs-Bridging-Header.h"; sourceTree = "<group>"; };
		166F776E201B323400E042F0 /* SWRevealViewController.h */ = {isa = PBXFileReference; fileEncoding = 4; lastKnownFileType = sourcecode.c.h; path = SWRevealViewController.h; sourceTree = "<group>"; };
		166F776F201B323400E042F0 /* SWRevealViewController.m */ = {isa = PBXFileReference; fileEncoding = 4; lastKnownFileType = sourcecode.c.objc; path = SWRevealViewController.m; sourceTree = "<group>"; };
		2DC64A3FEA84B1AE05566F6D /* Pods-iMs.debug.xcconfig */ = {isa = PBXFileReference; includeInIndex = 1; lastKnownFileType = text.xcconfig; name = "Pods-iMs.debug.xcconfig"; path = "Pods/Target Support Files/Pods-iMs/Pods-iMs.debug.xcconfig"; sourceTree = "<group>"; };
		3F44C397C499D43305584E78 /* Pods-iMs.release.xcconfig */ = {isa = PBXFileReference; includeInIndex = 1; lastKnownFileType = text.xcconfig; name = "Pods-iMs.release.xcconfig"; path = "Pods/Target Support Files/Pods-iMs/Pods-iMs.release.xcconfig"; sourceTree = "<group>"; };
		D351952020E9C3959343DAA4 /* Pods_iMs.framework */ = {isa = PBXFileReference; explicitFileType = wrapper.framework; includeInIndex = 0; path = Pods_iMs.framework; sourceTree = BUILT_PRODUCTS_DIR; };
/* End PBXFileReference section */

/* Begin PBXFrameworksBuildPhase section */
		166F7754201B22DE00E042F0 /* Frameworks */ = {
			isa = PBXFrameworksBuildPhase;
			buildActionMask = 2147483647;
			files = (
				3029CA0DE21AE2ADF7D87E97 /* Pods_iMs.framework in Frameworks */,
			);
			runOnlyForDeploymentPostprocessing = 0;
		};
/* End PBXFrameworksBuildPhase section */

/* Begin PBXGroup section */
		166F774E201B22DE00E042F0 = {
			isa = PBXGroup;
			children = (
				166F776C201B31FE00E042F0 /* supporting files */,
				166F7759201B22DE00E042F0 /* iMs */,
				166F7758201B22DE00E042F0 /* Products */,
				62C50CFA9479EB290D249391 /* Pods */,
				DE64EE7BF74844F64EB60C03 /* Frameworks */,
			);
			sourceTree = "<group>";
		};
		166F7758201B22DE00E042F0 /* Products */ = {
			isa = PBXGroup;
			children = (
				166F7757201B22DE00E042F0 /* iMs.app */,
			);
			name = Products;
			sourceTree = "<group>";
		};
		166F7759201B22DE00E042F0 /* iMs */ = {
			isa = PBXGroup;
			children = (
				166F775A201B22DE00E042F0 /* AppDelegate.swift */,
				166F775C201B22DE00E042F0 /* ViewController.swift */,
				166F775E201B22DE00E042F0 /* Main.storyboard */,
				166F7761201B22DE00E042F0 /* Assets.xcassets */,
				166F7763201B22DE00E042F0 /* LaunchScreen.storyboard */,
				166F7766201B22DE00E042F0 /* Info.plist */,
			);
			path = iMs;
			sourceTree = "<group>";
		};
		166F776C201B31FE00E042F0 /* supporting files */ = {
			isa = PBXGroup;
			children = (
				166F776E201B323400E042F0 /* SWRevealViewController.h */,
				166F776F201B323400E042F0 /* SWRevealViewController.m */,
				166F776D201B323300E042F0 /* iMs-Bridging-Header.h */,
			);
			path = "supporting files";
			sourceTree = "<group>";
		};
		62C50CFA9479EB290D249391 /* Pods */ = {
			isa = PBXGroup;
			children = (
				2DC64A3FEA84B1AE05566F6D /* Pods-iMs.debug.xcconfig */,
				3F44C397C499D43305584E78 /* Pods-iMs.release.xcconfig */,
			);
			name = Pods;
			sourceTree = "<group>";
		};
		DE64EE7BF74844F64EB60C03 /* Frameworks */ = {
			isa = PBXGroup;
			children = (
				D351952020E9C3959343DAA4 /* Pods_iMs.framework */,
			);
			name = Frameworks;
			sourceTree = "<group>";
		};
/* End PBXGroup section */

/* Begin PBXNativeTarget section */
		166F7756201B22DE00E042F0 /* iMs */ = {
			isa = PBXNativeTarget;
			buildConfigurationList = 166F7769201B22DE00E042F0 /* Build configuration list for PBXNativeTarget "iMs" */;
			buildPhases = (
				283302D5E219DBD8276284CA /* [CP] Check Pods Manifest.lock */,
				166F7753201B22DE00E042F0 /* Sources */,
				166F7754201B22DE00E042F0 /* Frameworks */,
				166F7755201B22DE00E042F0 /* Resources */,
				5721BEFC8DFC0075D3C18480 /* [CP] Embed Pods Frameworks */,
				AAAB9D764B8C304F3E876FE9 /* [CP] Copy Pods Resources */,
			);
			buildRules = (
			);
			dependencies = (
			);
			name = iMs;
			productName = iMs;
			productReference = 166F7757201B22DE00E042F0 /* iMs.app */;
			productType = "com.apple.product-type.application";
		};
/* End PBXNativeTarget section */

/* Begin PBXProject section */
		166F774F201B22DE00E042F0 /* Project object */ = {
			isa = PBXProject;
			attributes = {
				LastSwiftUpdateCheck = 0910;
				LastUpgradeCheck = 0910;
				ORGANIZATIONNAME = zead;
				TargetAttributes = {
					166F7756201B22DE00E042F0 = {
						CreatedOnToolsVersion = 9.1;
						LastSwiftMigration = 0910;
						ProvisioningStyle = Automatic;
					};
				};
			};
			buildConfigurationList = 166F7752201B22DE00E042F0 /* Build configuration list for PBXProject "iMs" */;
			compatibilityVersion = "Xcode 8.0";
			developmentRegion = en;
			hasScannedForEncodings = 0;
			knownRegions = (
				en,
				Base,
			);
			mainGroup = 166F774E201B22DE00E042F0;
			productRefGroup = 166F7758201B22DE00E042F0 /* Products */;
			projectDirPath = "";
			projectRoot = "";
			targets = (
				166F7756201B22DE00E042F0 /* iMs */,
			);
		};
/* End PBXProject section */

/* Begin PBXResourcesBuildPhase section */
		166F7755201B22DE00E042F0 /* Resources */ = {
			isa = PBXResourcesBuildPhase;
			buildActionMask = 2147483647;
			files = (
				166F7765201B22DE00E042F0 /* LaunchScreen.storyboard in Resources */,
				166F7762201B22DE00E042F0 /* Assets.xcassets in Resources */,
				166F7760201B22DE00E042F0 /* Main.storyboard in Resources */,
			);
			runOnlyForDeploymentPostprocessing = 0;
		};
/* End PBXResourcesBuildPhase section */

/* Begin PBXShellScriptBuildPhase section */
		283302D5E219DBD8276284CA /* [CP] Check Pods Manifest.lock */ = {
			isa = PBXShellScriptBuildPhase;
			buildActionMask = 2147483647;
			files = (
			);
			inputPaths = (
				"${PODS_PODFILE_DIR_PATH}/Podfile.lock",
				"${PODS_ROOT}/Manifest.lock",
			);
			name = "[CP] Check Pods Manifest.lock";
			outputPaths = (
				"$(DERIVED_FILE_DIR)/Pods-iMs-checkManifestLockResult.txt",
			);
			runOnlyForDeploymentPostprocessing = 0;
			shellPath = /bin/sh;
			shellScript = "diff \"${PODS_PODFILE_DIR_PATH}/Podfile.lock\" \"${PODS_ROOT}/Manifest.lock\" > /dev/null\nif [ $? != 0 ] ; then\n    # print error to STDERR\n    echo \"error: The sandbox is not in sync with the Podfile.lock. Run 'pod install' or update your CocoaPods installation.\" >&2\n    exit 1\nfi\n# This output is used by Xcode 'outputs' to avoid re-running this script phase.\necho \"SUCCESS\" > \"${SCRIPT_OUTPUT_FILE_0}\"\n";
			showEnvVarsInLog = 0;
		};
		5721BEFC8DFC0075D3C18480 /* [CP] Embed Pods Frameworks */ = {
			isa = PBXShellScriptBuildPhase;
			buildActionMask = 2147483647;
			files = (
			);
			inputPaths = (
				"${SRCROOT}/Pods/Target Support Files/Pods-iMs/Pods-iMs-frameworks.sh",
				"${BUILT_PRODUCTS_DIR}/Alamofire/Alamofire.framework",
				"${BUILT_PRODUCTS_DIR}/Socket.IO-Client-Swift/SocketIO.framework",
				"${BUILT_PRODUCTS_DIR}/Starscream/Starscream.framework",
				"${BUILT_PRODUCTS_DIR}/SwiftyJSON/SwiftyJSON.framework",
			);
			name = "[CP] Embed Pods Frameworks";
			outputPaths = (
				"${TARGET_BUILD_DIR}/${FRAMEWORKS_FOLDER_PATH}/Alamofire.framework",
				"${TARGET_BUILD_DIR}/${FRAMEWORKS_FOLDER_PATH}/SocketIO.framework",
				"${TARGET_BUILD_DIR}/${FRAMEWORKS_FOLDER_PATH}/Starscream.framework",
				"${TARGET_BUILD_DIR}/${FRAMEWORKS_FOLDER_PATH}/SwiftyJSON.framework",
			);
			runOnlyForDeploymentPostprocessing = 0;
			shellPath = /bin/sh;
			shellScript = "\"${SRCROOT}/Pods/Target Support Files/Pods-iMs/Pods-iMs-frameworks.sh\"\n";
			showEnvVarsInLog = 0;
		};
		AAAB9D764B8C304F3E876FE9 /* [CP] Copy Pods Resources */ = {
			isa = PBXShellScriptBuildPhase;
			buildActionMask = 2147483647;
			files = (
			);
			inputPaths = (
			);
			name = "[CP] Copy Pods Resources";
			outputPaths = (
			);
			runOnlyForDeploymentPostprocessing = 0;
			shellPath = /bin/sh;
			shellScript = "\"${SRCROOT}/Pods/Target Support Files/Pods-iMs/Pods-iMs-resources.sh\"\n";
			showEnvVarsInLog = 0;
		};
/* End PBXShellScriptBuildPhase section */

/* Begin PBXSourcesBuildPhase section */
		166F7753201B22DE00E042F0 /* Sources */ = {
			isa = PBXSourcesBuildPhase;
			buildActionMask = 2147483647;
			files = (
				166F775D201B22DE00E042F0 /* ViewController.swift in Sources */,
				166F775B201B22DE00E042F0 /* AppDelegate.swift in Sources */,
				166F7770201B323400E042F0 /* SWRevealViewController.m in Sources */,
			);
			runOnlyForDeploymentPostprocessing = 0;
		};
/* End PBXSourcesBuildPhase section */

/* Begin PBXVariantGroup section */
		166F775E201B22DE00E042F0 /* Main.storyboard */ = {
			isa = PBXVariantGroup;
			children = (
				166F775F201B22DE00E042F0 /* Base */,
			);
			name = Main.storyboard;
			sourceTree = "<group>";
		};
		166F7763201B22DE00E042F0 /* LaunchScreen.storyboard */ = {
			isa = PBXVariantGroup;
			children = (
				166F7764201B22DE00E042F0 /* Base */,
			);
			name = LaunchScreen.storyboard;
			sourceTree = "<group>";
		};
/* End PBXVariantGroup section */

/* Begin XCBuildConfiguration section */
		166F7767201B22DE00E042F0 /* Debug */ = {
			isa = XCBuildConfiguration;
			buildSettings = {
				ALWAYS_SEARCH_USER_PATHS = NO;
				CLANG_ANALYZER_NONNULL = YES;
				CLANG_ANALYZER_NUMBER_OBJECT_CONVERSION = YES_AGGRESSIVE;
				CLANG_CXX_LANGUAGE_STANDARD = "gnu++14";
				CLANG_CXX_LIBRARY = "libc++";
				CLANG_ENABLE_MODULES = YES;
				CLANG_ENABLE_OBJC_ARC = YES;
				CLANG_WARN_BLOCK_CAPTURE_AUTORELEASING = YES;
				CLANG_WARN_BOOL_CONVERSION = YES;
				CLANG_WARN_COMMA = YES;
				CLANG_WARN_CONSTANT_CONVERSION = YES;
				CLANG_WARN_DIRECT_OBJC_ISA_USAGE = YES_ERROR;
				CLANG_WARN_DOCUMENTATION_COMMENTS = YES;
				CLANG_WARN_EMPTY_BODY = YES;
				CLANG_WARN_ENUM_CONVERSION = YES;
				CLANG_WARN_INFINITE_RECURSION = YES;
				CLANG_WARN_INT_CONVERSION = YES;
				CLANG_WARN_NON_LITERAL_NULL_CONVERSION = YES;
				CLANG_WARN_OBJC_LITERAL_CONVERSION = YES;
				CLANG_WARN_OBJC_ROOT_CLASS = YES_ERROR;
				CLANG_WARN_RANGE_LOOP_ANALYSIS = YES;
				CLANG_WARN_STRICT_PROTOTYPES = YES;
				CLANG_WARN_SUSPICIOUS_MOVE = YES;
				CLANG_WARN_UNGUARDED_AVAILABILITY = YES_AGGRESSIVE;
				CLANG_WARN_UNREACHABLE_CODE = YES;
				CLANG_WARN__DUPLICATE_METHOD_MATCH = YES;
				CODE_SIGN_IDENTITY = "iPhone Developer";
				COPY_PHASE_STRIP = NO;
				DEBUG_INFORMATION_FORMAT = dwarf;
				ENABLE_STRICT_OBJC_MSGSEND = YES;
				ENABLE_TESTABILITY = YES;
				GCC_C_LANGUAGE_STANDARD = gnu11;
				GCC_DYNAMIC_NO_PIC = NO;
				GCC_NO_COMMON_BLOCKS = YES;
				GCC_OPTIMIZATION_LEVEL = 0;
				GCC_PREPROCESSOR_DEFINITIONS = (
					"DEBUG=1",
					"$(inherited)",
				);
				GCC_WARN_64_TO_32_BIT_CONVERSION = YES;
				GCC_WARN_ABOUT_RETURN_TYPE = YES_ERROR;
				GCC_WARN_UNDECLARED_SELECTOR = YES;
				GCC_WARN_UNINITIALIZED_AUTOS = YES_AGGRESSIVE;
				GCC_WARN_UNUSED_FUNCTION = YES;
				GCC_WARN_UNUSED_VARIABLE = YES;
				IPHONEOS_DEPLOYMENT_TARGET = 11.1;
				MTL_ENABLE_DEBUG_INFO = YES;
				ONLY_ACTIVE_ARCH = YES;
				SDKROOT = iphoneos;
				SWIFT_ACTIVE_COMPILATION_CONDITIONS = DEBUG;
				SWIFT_OPTIMIZATION_LEVEL = "-Onone";
			};
			name = Debug;
		};
		166F7768201B22DE00E042F0 /* Release */ = {
			isa = XCBuildConfiguration;
			buildSettings = {
				ALWAYS_SEARCH_USER_PATHS = NO;
				CLANG_ANALYZER_NONNULL = YES;
				CLANG_ANALYZER_NUMBER_OBJECT_CONVERSION = YES_AGGRESSIVE;
				CLANG_CXX_LANGUAGE_STANDARD = "gnu++14";
				CLANG_CXX_LIBRARY = "libc++";
				CLANG_ENABLE_MODULES = YES;
				CLANG_ENABLE_OBJC_ARC = YES;
				CLANG_WARN_BLOCK_CAPTURE_AUTORELEASING = YES;
				CLANG_WARN_BOOL_CONVERSION = YES;
				CLANG_WARN_COMMA = YES;
				CLANG_WARN_CONSTANT_CONVERSION = YES;
				CLANG_WARN_DIRECT_OBJC_ISA_USAGE = YES_ERROR;
				CLANG_WARN_DOCUMENTATION_COMMENTS = YES;
				CLANG_WARN_EMPTY_BODY = YES;
				CLANG_WARN_ENUM_CONVERSION = YES;
				CLANG_WARN_INFINITE_RECURSION = YES;
				CLANG_WARN_INT_CONVERSION = YES;
				CLANG_WARN_NON_LITERAL_NULL_CONVERSION = YES;
				CLANG_WARN_OBJC_LITERAL_CONVERSION = YES;
				CLANG_WARN_OBJC_ROOT_CLASS = YES_ERROR;
				CLANG_WARN_RANGE_LOOP_ANALYSIS = YES;
				CLANG_WARN_STRICT_PROTOTYPES = YES;
				CLANG_WARN_SUSPICIOUS_MOVE = YES;
				CLANG_WARN_UNGUARDED_AVAILABILITY = YES_AGGRESSIVE;
				CLANG_WARN_UNREACHABLE_CODE = YES;
				CLANG_WARN__DUPLICATE_METHOD_MATCH = YES;
				CODE_SIGN_IDENTITY = "iPhone Developer";
				COPY_PHASE_STRIP = NO;
				DEBUG_INFORMATION_FORMAT = "dwarf-with-dsym";
				ENABLE_NS_ASSERTIONS = NO;
				ENABLE_STRICT_OBJC_MSGSEND = YES;
				GCC_C_LANGUAGE_STANDARD = gnu11;
				GCC_NO_COMMON_BLOCKS = YES;
				GCC_WARN_64_TO_32_BIT_CONVERSION = YES;
				GCC_WARN_ABOUT_RETURN_TYPE = YES_ERROR;
				GCC_WARN_UNDECLARED_SELECTOR = YES;
				GCC_WARN_UNINITIALIZED_AUTOS = YES_AGGRESSIVE;
				GCC_WARN_UNUSED_FUNCTION = YES;
				GCC_WARN_UNUSED_VARIABLE = YES;
				IPHONEOS_DEPLOYMENT_TARGET = 11.1;
				MTL_ENABLE_DEBUG_INFO = NO;
				SDKROOT = iphoneos;
				SWIFT_OPTIMIZATION_LEVEL = "-Owholemodule";
				VALIDATE_PRODUCT = YES;
			};
			name = Release;
		};
		166F776A201B22DE00E042F0 /* Debug */ = {
			isa = XCBuildConfiguration;
			baseConfigurationReference = 2DC64A3FEA84B1AE05566F6D /* Pods-iMs.debug.xcconfig */;
			buildSettings = {
				ASSETCATALOG_COMPILER_APPICON_NAME = AppIcon;
				CLANG_ENABLE_MODULES = YES;
				CODE_SIGN_STYLE = Automatic;
				INFOPLIST_FILE = iMs/Info.plist;
				LD_RUNPATH_SEARCH_PATHS = "$(inherited) @executable_path/Frameworks";
				PRODUCT_BUNDLE_IDENTIFIER = zead.iMs;
				PRODUCT_NAME = "$(TARGET_NAME)";
				SWIFT_OBJC_BRIDGING_HEADER = "supporting files/iMs-Bridging-Header.h";
				SWIFT_OPTIMIZATION_LEVEL = "-Onone";
				SWIFT_VERSION = 3.0;
				TARGETED_DEVICE_FAMILY = "1,2";
			};
			name = Debug;
		};
		166F776B201B22DE00E042F0 /* Release */ = {
			isa = XCBuildConfiguration;
			baseConfigurationReference = 3F44C397C499D43305584E78 /* Pods-iMs.release.xcconfig */;
			buildSettings = {
				ASSETCATALOG_COMPILER_APPICON_NAME = AppIcon;
				CLANG_ENABLE_MODULES = YES;
				CODE_SIGN_STYLE = Automatic;
				INFOPLIST_FILE = iMs/Info.plist;
				LD_RUNPATH_SEARCH_PATHS = "$(inherited) @executable_path/Frameworks";
				PRODUCT_BUNDLE_IDENTIFIER = zead.iMs;
				PRODUCT_NAME = "$(TARGET_NAME)";
				SWIFT_OBJC_BRIDGING_HEADER = "supporting files/iMs-Bridging-Header.h";
				SWIFT_VERSION = 3.0;
				TARGETED_DEVICE_FAMILY = "1,2";
			};
			name = Release;
		};
/* End XCBuildConfiguration section */

/* Begin XCConfigurationList section */
		166F7752201B22DE00E042F0 /* Build configuration list for PBXProject "iMs" */ = {
			isa = XCConfigurationList;
			buildConfigurations = (
				166F7767201B22DE00E042F0 /* Debug */,
				166F7768201B22DE00E042F0 /* Release */,
			);
			defaultConfigurationIsVisible = 0;
			defaultConfigurationName = Release;
		};
		166F7769201B22DE00E042F0 /* Build configuration list for PBXNativeTarget "iMs" */ = {
			isa = XCConfigurationList;
			buildConfigurations = (
				166F776A201B22DE00E042F0 /* Debug */,
				166F776B201B22DE00E042F0 /* Release */,
			);
			defaultConfigurationIsVisible = 0;
			defaultConfigurationName = Release;
		};
/* End XCConfigurationList section */
	};
	rootObject = 166F774F201B22DE00E042F0 /* Project object */;
}
